
Microsoft Visual Studio Solution File, Format Version 12.00
# Visual Studio Version 17
VisualStudioVersion = 17.10.34928.147
MinimumVisualStudioVersion = 10.0.40219.1
Project("{FAE04EC0-301F-11D3-BF4B-00C04F79EFBC}") = "Desafio-bmg.API", "Desafio-bmg.API\Desafio-bmg.API.csproj", "{3E0356DE-67C5-486E-B7EE-0C1B4CF0B3D7}"
EndProject
Global
	GlobalSection(SolutionConfigurationPlatforms) = preSolution
		Debug|Any CPU = Debug|Any CPU
		Release|Any CPU = Release|Any CPU
	EndGlobalSection
	GlobalSection(ProjectConfigurationPlatforms) = postSolution
		{3E0356DE-67C5-486E-B7EE-0C1B4CF0B3D7}.Debug|Any CPU.ActiveCfg = Debug|Any CPU
		{3E0356DE-67C5-486E-B7EE-0C1B4CF0B3D7}.Debug|Any CPU.Build.0 = Debug|Any CPU
		{3E0356DE-67C5-486E-B7EE-0C1B4CF0B3D7}.Release|Any CPU.ActiveCfg = Release|Any CPU
		{3E0356DE-67C5-486E-B7EE-0C1B4CF0B3D7}.Release|Any CPU.Build.0 = Release|Any CPU
	EndGlobalSection
	GlobalSection(SolutionProperties) = preSolution
		HideSolutionNode = FALSE
	EndGlobalSection
	GlobalSection(ExtensibilityGlobals) = postSolution
		SolutionGuid = {419AA48A-5E7E-40A5-81FE-F92DC1BC9DEC}
	EndGlobalSection
EndGlobal
